{
  "name": "ksql-dashboard-pro-authoring",
  "version": "1.0.0",
  "lockfileVersion": 3,
  "requires": true,
  "packages": {
    "": {
      "name": "ksql-dashboard-pro-authoring",
      "version": "1.0.0",
      "dependencies": {
        "@rex0220/kintone-sql-tools": "^3.62.0"
      },
      "engines": {
        "node": ">=20"
      }
    },
    "node_modules/@rex0220/kintone-sql-tools": {
      "version": "3.62.0",
      "resolved": "https://registry.npmjs.org/@rex0220/kintone-sql-tools/-/kintone-sql-tools-3.62.0.tgz",
      "integrity": "sha512-7cLRQLe4UVdR3IMrDs+dYowGUVP2RmG/XmV7tbG5zoAZWQ61IFyts1p1Ow8pcXnrpF7ArOudVesv2xJsUPZbDQ==",
      "bin": {
        "ksql": "dist-cli/ksql.js",
        "ksql-mcp": "dist-mcp/ksql-mcp.js"
      }
    }
  }
}
