{
  "name": "ksql-dashboard-pro-authoring",
  "version": "1.0.0",
  "lockfileVersion": 3,
  "requires": true,
  "packages": {
    "": {
      "name": "ksql-dashboard-pro-authoring",
      "version": "1.0.0",
      "dependencies": {
        "@rex0220/kintone-sql-tools": "^3.66.0"
      },
      "engines": {
        "node": ">=20"
      }
    },
    "node_modules/@rex0220/kintone-sql-tools": {
      "version": "3.66.0",
      "resolved": "https://registry.npmjs.org/@rex0220/kintone-sql-tools/-/kintone-sql-tools-3.66.0.tgz",
      "integrity": "sha512-CQIt8y28d530vsKwBhpnEb8LMmBb0GbZizc+gaOZ6EXyGgYmMI9F+nJQz/zas/jil09zqzNpHaG1S02+gmZMPw==",
      "bin": {
        "ksql": "dist-cli/ksql.js",
        "ksql-mcp": "dist-mcp/ksql-mcp.js"
      }
    }
  }
}
