{
  "name": "ksql-dashboard-pro-authoring",
  "version": "1.0.0",
  "lockfileVersion": 3,
  "requires": true,
  "packages": {
    "": {
      "name": "ksql-dashboard-pro-authoring",
      "version": "1.0.0",
      "dependencies": {
        "@rex0220/kintone-sql-tools": "^3.44.0"
      },
      "engines": {
        "node": ">=20"
      }
    },
    "node_modules/@rex0220/kintone-sql-tools": {
      "version": "3.44.0",
      "resolved": "https://registry.npmjs.org/@rex0220/kintone-sql-tools/-/kintone-sql-tools-3.44.0.tgz",
      "integrity": "sha512-foWYK8ME4fWg4O0Rjwjul00kbQFZOyMPto94Sebi1Cb1BG3xPgDAQu2sJK/TQbKpm32nie7hq7ZRYvSqiqsPwA==",
      "bin": {
        "ksql": "dist-cli/ksql.js",
        "ksql-mcp": "dist-mcp/ksql-mcp.js"
      }
    }
  }
}
